// !$*UTF8*$!
{
	archiveVersion = 1;
	classes = {
	};
	objectVersion = 77;
	objects = {

/* Begin PBXBuildFile section */
		A2AE58B72F1A8AEF00B4B6EB /* 少女心愿logo.icon in Resources */ = {isa = PBXBuildFile; fileRef = A2AE58B62F1A8AEE00B4B6EB /* 少女心愿logo.icon */; };
		A2AE59C32F1EB85300B4B6EB /* WidgetKit.framework in Frameworks */ = {isa = PBXBuildFile; fileRef = A2AE59C22F1EB85300B4B6EB /* WidgetKit.framework */; };
		A2AE59C52F1EB85300B4B6EB /* SwiftUI.framework in Frameworks */ = {isa = PBXBuildFile; fileRef = A2AE59C42F1EB85300B4B6EB /* SwiftUI.framework */; };
		A2AE59D62F1EB85400B4B6EB /* 少女心愿衣橱Extension.appex in Embed Foundation Extensions */ = {isa = PBXBuildFile; fileRef = A2AE59C02F1EB85300B4B6EB /* 少女心愿衣橱Extension.appex */; settings = {ATTRIBUTES = (RemoveHeadersOnCopy, ); }; };
/* End PBXBuildFile section */

/* Begin PBXContainerItemProxy section */
		A2AE58852F19377600B4B6EB /* PBXContainerItemProxy */ = {
			isa = PBXContainerItemProxy;
			containerPortal = A2AE586B2F19377500B4B6EB /* Project object */;
			proxyType = 1;
			remoteGlobalIDString = A2AE58722F19377500B4B6EB;
			remoteInfo = ItemManager;
		};
		A2AE588F2F19377600B4B6EB /* PBXContainerItemProxy */ = {
			isa = PBXContainerItemProxy;
			containerPortal = A2AE586B2F19377500B4B6EB /* Project object */;
			proxyType = 1;
			remoteGlobalIDString = A2AE58722F19377500B4B6EB;
			remoteInfo = ItemManager;
		};
		A2AE59D42F1EB85400B4B6EB /* PBXContainerItemProxy */ = {
			isa = PBXContainerItemProxy;
			containerPortal = A2AE586B2F19377500B4B6EB /* Project object */;
			proxyType = 1;
			remoteGlobalIDString = A2AE59BF2F1EB85300B4B6EB;
			remoteInfo = "少女心愿衣橱Extension";
		};
/* End PBXContainerItemProxy section */

/* Begin PBXCopyFilesBuildPhase section */
		A2AE59DB2F1EB85400B4B6EB /* Embed Foundation Extensions */ = {
			isa = PBXCopyFilesBuildPhase;
			buildActionMask = 2147483647;
			dstPath = "";
			dstSubfolderSpec = 13;
			files = (
				A2AE59D62F1EB85400B4B6EB /* 少女心愿衣橱Extension.appex in Embed Foundation Extensions */,
			);
			name = "Embed Foundation Extensions";
			runOnlyForDeploymentPostprocessing = 0;
		};
/* End PBXCopyFilesBuildPhase section */

/* Begin PBXFileReference section */
		A2AE58732F19377500B4B6EB /* ItemManager.app */ = {isa = PBXFileReference; explicitFileType = wrapper.application; includeInIndex = 0; path = ItemManager.app; sourceTree = BUILT_PRODUCTS_DIR; };
		A2AE58842F19377600B4B6EB /* ItemManagerTests.xctest */ = {isa = PBXFileReference; explicitFileType = wrapper.cfbundle; includeInIndex = 0; path = ItemManagerTests.xctest; sourceTree = BUILT_PRODUCTS_DIR; };
		A2AE588E2F19377600B4B6EB /* ItemManagerUITests.xctest */ = {isa = PBXFileReference; explicitFileType = wrapper.cfbundle; includeInIndex = 0; path = ItemManagerUITests.xctest; sourceTree = BUILT_PRODUCTS_DIR; };
		A2AE58B62F1A8AEE00B4B6EB /* 少女心愿logo.icon */ = {isa = PBXFileReference; lastKnownFileType = folder.iconcomposer.icon; path = "少女心愿logo.icon"; sourceTree = "<group>"; };
		A2AE59C02F1EB85300B4B6EB /* 少女心愿衣橱Extension.appex */ = {isa = PBXFileReference; explicitFileType = "wrapper.app-extension"; includeInIndex = 0; path = "少女心愿衣橱Extension.appex"; sourceTree = BUILT_PRODUCTS_DIR; };
		A2AE59C22F1EB85300B4B6EB /* WidgetKit.framework */ = {isa = PBXFileReference; lastKnownFileType = wrapper.framework; name = WidgetKit.framework; path = System/Library/Frameworks/WidgetKit.framework; sourceTree = SDKROOT; };
		A2AE59C42F1EB85300B4B6EB /* SwiftUI.framework */ = {isa = PBXFileReference; lastKnownFileType = wrapper.framework; name = SwiftUI.framework; path = System/Library/Frameworks/SwiftUI.framework; sourceTree = SDKROOT; };
/* End PBXFileReference section */

/* Begin PBXFileSystemSynchronizedBuildFileExceptionSet section */
		A2AE58962F19377600B4B6EB /* Exceptions for "ItemManager" folder in "ItemManager" target */ = {
			isa = PBXFileSystemSynchronizedBuildFileExceptionSet;
			membershipExceptions = (
				Info.plist,
			);
			target = A2AE58722F19377500B4B6EB /* ItemManager */;
		};
		A2AE59DA2F1EB85400B4B6EB /* Exceptions for "少女心愿衣橱" folder in "少女心愿衣橱Extension" target */ = {
			isa = PBXFileSystemSynchronizedBuildFileExceptionSet;
			membershipExceptions = (
				Info.plist,
			);
			target = A2AE59BF2F1EB85300B4B6EB /* 少女心愿衣橱Extension */;
		};
		A2AE59E92F1EB9C200B4B6EB /* Exceptions for "ItemManager" folder in "少女心愿衣橱Extension" target */ = {
			isa = PBXFileSystemSynchronizedBuildFileExceptionSet;
			membershipExceptions = (
				Brand.swift,
				Clothing.swift,
				Item.swift,
				Services/SharedPersistence.swift,
				Services/WidgetBackgroundManager.swift,
				Tag.swift,
				Utilities/SeriesAnalyzer.swift,
				Utilities/SharedTypes.swift,
			);
			target = A2AE59BF2F1EB85300B4B6EB /* 少女心愿衣橱Extension */;
		};
/* End PBXFileSystemSynchronizedBuildFileExceptionSet section */

/* Begin PBXFileSystemSynchronizedRootGroup section */
		A2AE58752F19377500B4B6EB /* ItemManager */ = {
			isa = PBXFileSystemSynchronizedRootGroup;
			exceptions = (
				A2AE58962F19377600B4B6EB /* Exceptions for "ItemManager" folder in "ItemManager" target */,
				A2AE59E92F1EB9C200B4B6EB /* Exceptions for "ItemManager" folder in "少女心愿衣橱Extension" target */,
			);
			path = ItemManager;
			sourceTree = "<group>";
		};
		A2AE58872F19377600B4B6EB /* ItemManagerTests */ = {
			isa = PBXFileSystemSynchronizedRootGroup;
			path = ItemManagerTests;
			sourceTree = "<group>";
		};
		A2AE58912F19377600B4B6EB /* ItemManagerUITests */ = {
			isa = PBXFileSystemSynchronizedRootGroup;
			path = ItemManagerUITests;
			sourceTree = "<group>";
		};
		A2AE59C62F1EB85300B4B6EB /* 少女心愿衣橱 */ = {
			isa = PBXFileSystemSynchronizedRootGroup;
			exceptions = (
				A2AE59DA2F1EB85400B4B6EB /* Exceptions for "少女心愿衣橱" folder in "少女心愿衣橱Extension" target */,
			);
			path = "少女心愿衣橱";
			sourceTree = "<group>";
		};
/* End PBXFileSystemSynchronizedRootGroup section */

/* Begin PBXFrameworksBuildPhase section */
		A2AE58702F19377500B4B6EB /* Frameworks */ = {
			isa = PBXFrameworksBuildPhase;
			buildActionMask = 2147483647;
			files = (
			);
			runOnlyForDeploymentPostprocessing = 0;
		};
		A2AE58812F19377600B4B6EB /* Frameworks */ = {
			isa = PBXFrameworksBuildPhase;
			buildActionMask = 2147483647;
			files = (
			);
			runOnlyForDeploymentPostprocessing = 0;
		};
		A2AE588B2F19377600B4B6EB /* Frameworks */ = {
			isa = PBXFrameworksBuildPhase;
			buildActionMask = 2147483647;
			files = (
			);
			runOnlyForDeploymentPostprocessing = 0;
		};
		A2AE59BD2F1EB85300B4B6EB /* Frameworks */ = {
			isa = PBXFrameworksBuildPhase;
			buildActionMask = 2147483647;
			files = (
				A2AE59C52F1EB85300B4B6EB /* SwiftUI.framework in Frameworks */,
				A2AE59C32F1EB85300B4B6EB /* WidgetKit.framework in Frameworks */,
			);
			runOnlyForDeploymentPostprocessing = 0;
		};
/* End PBXFrameworksBuildPhase section */

/* Begin PBXGroup section */
		A2AE586A2F19377400B4B6EB = {
			isa = PBXGroup;
			children = (
				A2AE58B62F1A8AEE00B4B6EB /* 少女心愿logo.icon */,
				A2AE58752F19377500B4B6EB /* ItemManager */,
				A2AE58872F19377600B4B6EB /* ItemManagerTests */,
				A2AE58912F19377600B4B6EB /* ItemManagerUITests */,
				A2AE59C62F1EB85300B4B6EB /* 少女心愿衣橱 */,
				A2AE59C12F1EB85300B4B6EB /* Frameworks */,
				A2AE58742F19377500B4B6EB /* Products */,
			);
			sourceTree = "<group>";
		};
		A2AE58742F19377500B4B6EB /* Products */ = {
			isa = PBXGroup;
			children = (
				A2AE58732F19377500B4B6EB /* ItemManager.app */,
				A2AE58842F19377600B4B6EB /* ItemManagerTests.xctest */,
				A2AE588E2F19377600B4B6EB /* ItemManagerUITests.xctest */,
				A2AE59C02F1EB85300B4B6EB /* 少女心愿衣橱Extension.appex */,
			);
			name = Products;
			sourceTree = "<group>";
		};
		A2AE59C12F1EB85300B4B6EB /* Frameworks */ = {
			isa = PBXGroup;
			children = (
				A2AE59C22F1EB85300B4B6EB /* WidgetKit.framework */,
				A2AE59C42F1EB85300B4B6EB /* SwiftUI.framework */,
			);
			name = Frameworks;
			sourceTree = "<group>";
		};
/* End PBXGroup section */

/* Begin PBXNativeTarget section */
		A2AE58722F19377500B4B6EB /* ItemManager */ = {
			isa = PBXNativeTarget;
			buildConfigurationList = A2AE58972F19377600B4B6EB /* Build configuration list for PBXNativeTarget "ItemManager" */;
			buildPhases = (
				A2AE586F2F19377500B4B6EB /* Sources */,
				A2AE58702F19377500B4B6EB /* Frameworks */,
				A2AE58712F19377500B4B6EB /* Resources */,
				A2AE59DB2F1EB85400B4B6EB /* Embed Foundation Extensions */,
			);
			buildRules = (
			);
			dependencies = (
				A2AE59D52F1EB85400B4B6EB /* PBXTargetDependency */,
			);
			fileSystemSynchronizedGroups = (
				A2AE58752F19377500B4B6EB /* ItemManager */,
			);
			name = ItemManager;
			packageProductDependencies = (
			);
			productName = ItemManager;
			productReference = A2AE58732F19377500B4B6EB /* ItemManager.app */;
			productType = "com.apple.product-type.application";
		};
		A2AE58832F19377600B4B6EB /* ItemManagerTests */ = {
			isa = PBXNativeTarget;
			buildConfigurationList = A2AE589C2F19377600B4B6EB /* Build configuration list for PBXNativeTarget "ItemManagerTests" */;
			buildPhases = (
				A2AE58802F19377600B4B6EB /* Sources */,
				A2AE58812F19377600B4B6EB /* Frameworks */,
				A2AE58822F19377600B4B6EB /* Resources */,
			);
			buildRules = (
			);
			dependencies = (
				A2AE58862F19377600B4B6EB /* PBXTargetDependency */,
			);
			fileSystemSynchronizedGroups = (
				A2AE58872F19377600B4B6EB /* ItemManagerTests */,
			);
			name = ItemManagerTests;
			packageProductDependencies = (
			);
			productName = ItemManagerTests;
			productReference = A2AE58842F19377600B4B6EB /* ItemManagerTests.xctest */;
			productType = "com.apple.product-type.bundle.unit-test";
		};
		A2AE588D2F19377600B4B6EB /* ItemManagerUITests */ = {
			isa = PBXNativeTarget;
			buildConfigurationList = A2AE589F2F19377600B4B6EB /* Build configuration list for PBXNativeTarget "ItemManagerUITests" */;
			buildPhases = (
				A2AE588A2F19377600B4B6EB /* Sources */,
				A2AE588B2F19377600B4B6EB /* Frameworks */,
				A2AE588C2F19377600B4B6EB /* Resources */,
			);
			buildRules = (
			);
			dependencies = (
				A2AE58902F19377600B4B6EB /* PBXTargetDependency */,
			);
			fileSystemSynchronizedGroups = (
				A2AE58912F19377600B4B6EB /* ItemManagerUITests */,
			);
			name = ItemManagerUITests;
			packageProductDependencies = (
			);
			productName = ItemManagerUITests;
			productReference = A2AE588E2F19377600B4B6EB /* ItemManagerUITests.xctest */;
			productType = "com.apple.product-type.bundle.ui-testing";
		};
		A2AE59BF2F1EB85300B4B6EB /* 少女心愿衣橱Extension */ = {
			isa = PBXNativeTarget;
			buildConfigurationList = A2AE59D72F1EB85400B4B6EB /* Build configuration list for PBXNativeTarget "少女心愿衣橱Extension" */;
			buildPhases = (
				A2AE59BC2F1EB85300B4B6EB /* Sources */,
				A2AE59BD2F1EB85300B4B6EB /* Frameworks */,
				A2AE59BE2F1EB85300B4B6EB /* Resources */,
			);
			buildRules = (
			);
			dependencies = (
			);
			fileSystemSynchronizedGroups = (
				A2AE59C62F1EB85300B4B6EB /* 少女心愿衣橱 */,
			);
			name = "少女心愿衣橱Extension";
			packageProductDependencies = (
			);
			productName = "少女心愿衣橱Extension";
			productReference = A2AE59C02F1EB85300B4B6EB /* 少女心愿衣橱Extension.appex */;
			productType = "com.apple.product-type.app-extension";
		};
/* End PBXNativeTarget section */

/* Begin PBXProject section */
		A2AE586B2F19377500B4B6EB /* Project object */ = {
			isa = PBXProject;
			attributes = {
				BuildIndependentTargetsInParallel = 1;
				LastSwiftUpdateCheck = 2620;
				LastUpgradeCheck = 2620;
				TargetAttributes = {
					A2AE58722F19377500B4B6EB = {
						CreatedOnToolsVersion = 26.2;
					};
					A2AE58832F19377600B4B6EB = {
						CreatedOnToolsVersion = 26.2;
						TestTargetID = A2AE58722F19377500B4B6EB;
					};
					A2AE588D2F19377600B4B6EB = {
						CreatedOnToolsVersion = 26.2;
						TestTargetID = A2AE58722F19377500B4B6EB;
					};
					A2AE59BF2F1EB85300B4B6EB = {
						CreatedOnToolsVersion = 26.2;
					};
				};
			};
			buildConfigurationList = A2AE586E2F19377500B4B6EB /* Build configuration list for PBXProject "ItemManager" */;
			developmentRegion = en;
			hasScannedForEncodings = 0;
			knownRegions = (
				en,
				Base,
			);
			mainGroup = A2AE586A2F19377400B4B6EB;
			minimizedProjectReferenceProxies = 1;
			preferredProjectObjectVersion = 77;
			productRefGroup = A2AE58742F19377500B4B6EB /* Products */;
			projectDirPath = "";
			projectRoot = "";
			targets = (
				A2AE58722F19377500B4B6EB /* ItemManager */,
				A2AE58832F19377600B4B6EB /* ItemManagerTests */,
				A2AE588D2F19377600B4B6EB /* ItemManagerUITests */,
				A2AE59BF2F1EB85300B4B6EB /* 少女心愿衣橱Extension */,
			);
		};
/* End PBXProject section */

/* Begin PBXResourcesBuildPhase section */
		A2AE58712F19377500B4B6EB /* Resources */ = {
			isa = PBXResourcesBuildPhase;
			buildActionMask = 2147483647;
			files = (
				A2AE58B72F1A8AEF00B4B6EB /* 少女心愿logo.icon in Resources */,
			);
			runOnlyForDeploymentPostprocessing = 0;
		};
		A2AE58822F19377600B4B6EB /* Resources */ = {
			isa = PBXResourcesBuildPhase;
			buildActionMask = 2147483647;
			files = (
			);
			runOnlyForDeploymentPostprocessing = 0;
		};
		A2AE588C2F19377600B4B6EB /* Resources */ = {
			isa = PBXResourcesBuildPhase;
			buildActionMask = 2147483647;
			files = (
			);
			runOnlyForDeploymentPostprocessing = 0;
		};
		A2AE59BE2F1EB85300B4B6EB /* Resources */ = {
			isa = PBXResourcesBuildPhase;
			buildActionMask = 2147483647;
			files = (
			);
			runOnlyForDeploymentPostprocessing = 0;
		};
/* End PBXResourcesBuildPhase section */

/* Begin PBXSourcesBuildPhase section */
		A2AE586F2F19377500B4B6EB /* Sources */ = {
			isa = PBXSourcesBuildPhase;
			buildActionMask = 2147483647;
			files = (
			);
			runOnlyForDeploymentPostprocessing = 0;
		};
		A2AE58802F19377600B4B6EB /* Sources */ = {
			isa = PBXSourcesBuildPhase;
			buildActionMask = 2147483647;
			files = (
			);
			runOnlyForDeploymentPostprocessing = 0;
		};
		A2AE588A2F19377600B4B6EB /* Sources */ = {
			isa = PBXSourcesBuildPhase;
			buildActionMask = 2147483647;
			files = (
			);
			runOnlyForDeploymentPostprocessing = 0;
		};
		A2AE59BC2F1EB85300B4B6EB /* Sources */ = {
			isa = PBXSourcesBuildPhase;
			buildActionMask = 2147483647;
			files = (
			);
			runOnlyForDeploymentPostprocessing = 0;
		};
/* End PBXSourcesBuildPhase section */

/* Begin PBXTargetDependency section */
		A2AE58862F19377600B4B6EB /* PBXTargetDependency */ = {
			isa = PBXTargetDependency;
			target = A2AE58722F19377500B4B6EB /* ItemManager */;
			targetProxy = A2AE58852F19377600B4B6EB /* PBXContainerItemProxy */;
		};
		A2AE58902F19377600B4B6EB /* PBXTargetDependency */ = {
			isa = PBXTargetDependency;
			target = A2AE58722F19377500B4B6EB /* ItemManager */;
			targetProxy = A2AE588F2F19377600B4B6EB /* PBXContainerItemProxy */;
		};
		A2AE59D52F1EB85400B4B6EB /* PBXTargetDependency */ = {
			isa = PBXTargetDependency;
			target = A2AE59BF2F1EB85300B4B6EB /* 少女心愿衣橱Extension */;
			targetProxy = A2AE59D42F1EB85400B4B6EB /* PBXContainerItemProxy */;
		};
/* End PBXTargetDependency section */

/* Begin XCBuildConfiguration section */
		A2AE58982F19377600B4B6EB /* Debug */ = {
			isa = XCBuildConfiguration;
			buildSettings = {
				ASSETCATALOG_COMPILER_APPICON_NAME = AppIcon;
				ASSETCATALOG_COMPILER_GLOBAL_ACCENT_COLOR_NAME = AccentColor;
				CODE_SIGN_STYLE = Automatic;
				CURRENT_PROJECT_VERSION = 1;
				DEVELOPMENT_TEAM = 3S264XUD7Z;
				ENABLE_APP_SANDBOX = YES;
				ENABLE_HARDENED_RUNTIME = YES;
				ENABLE_PREVIEWS = YES;
				ENABLE_USER_SELECTED_FILES = readonly;
				GENERATE_INFOPLIST_FILE = YES;
				INFOPLIST_FILE = ItemManager/Info.plist;
				"INFOPLIST_KEY_UIApplicationSceneManifest_Generation[sdk=iphoneos*]" = YES;
				"INFOPLIST_KEY_UIApplicationSceneManifest_Generation[sdk=iphonesimulator*]" = YES;
				"INFOPLIST_KEY_UIApplicationSupportsIndirectInputEvents[sdk=iphoneos*]" = YES;
				"INFOPLIST_KEY_UIApplicationSupportsIndirectInputEvents[sdk=iphonesimulator*]" = YES;
				"INFOPLIST_KEY_UILaunchScreen_Generation[sdk=iphoneos*]" = YES;
				"INFOPLIST_KEY_UILaunchScreen_Generation[sdk=iphonesimulator*]" = YES;
				"INFOPLIST_KEY_UIStatusBarStyle[sdk=iphoneos*]" = UIStatusBarStyleDefault;
				"INFOPLIST_KEY_UIStatusBarStyle[sdk=iphonesimulator*]" = UIStatusBarStyleDefault;
				INFOPLIST_KEY_UISupportedInterfaceOrientations_iPad = "UIInterfaceOrientationPortrait UIInterfaceOrientationPortraitUpsideDown UIInterfaceOrientationLandscapeLeft UIInterfaceOrientationLandscapeRight";
				INFOPLIST_KEY_UISupportedInterfaceOrientations_iPhone = "UIInterfaceOrientationPortrait UIInterfaceOrientationLandscapeLeft UIInterfaceOrientationLandscapeRight";
				IPHONEOS_DEPLOYMENT_TARGET = 18.6;
				LD_RUNPATH_SEARCH_PATHS = "@executable_path/Frameworks";
				"LD_RUNPATH_SEARCH_PATHS[sdk=macosx*]" = "@executable_path/../Frameworks";
				MACOSX_DEPLOYMENT_TARGET = 26.2;
				MARKETING_VERSION = 1.0;
				PRODUCT_BUNDLE_IDENTIFIER = bugod.ItemManager;
				PRODUCT_NAME = "$(TARGET_NAME)";
				REGISTER_APP_GROUPS = YES;
				SDKROOT = auto;
				STRING_CATALOG_GENERATE_SYMBOLS = YES;
				SUPPORTED_PLATFORMS = "iphoneos iphonesimulator macosx xros xrsimulator";
				SWIFT_APPROACHABLE_CONCURRENCY = YES;
				SWIFT_DEFAULT_ACTOR_ISOLATION = MainActor;
				SWIFT_EMIT_LOC_STRINGS = YES;
				SWIFT_UPCOMING_FEATURE_MEMBER_IMPORT_VISIBILITY = YES;
				SWIFT_VERSION = 5.0;
				TARGETED_DEVICE_FAMILY = "1,2,7";
				XROS_DEPLOYMENT_TARGET = 26.2;
			};
			name = Debug;
		};
		A2AE58992F19377600B4B6EB /* Release */ = {
			isa = XCBuildConfiguration;
			buildSettings = {
				ASSETCATALOG_COMPILER_APPICON_NAME = AppIcon;
				ASSETCATALOG_COMPILER_GLOBAL_ACCENT_COLOR_NAME = AccentColor;
				CODE_SIGN_STYLE = Automatic;
				CURRENT_PROJECT_VERSION = 1;
				DEVELOPMENT_TEAM = 3S264XUD7Z;
				ENABLE_APP_SANDBOX = YES;
				ENABLE_HARDENED_RUNTIME = YES;
				ENABLE_PREVIEWS = YES;
				ENABLE_USER_SELECTED_FILES = readonly;
				GENERATE_INFOPLIST_FILE = YES;
				INFOPLIST_FILE = ItemManager/Info.plist;
				"INFOPLIST_KEY_UIApplicationSceneManifest_Generation[sdk=iphoneos*]" = YES;
				"INFOPLIST_KEY_UIApplicationSceneManifest_Generation[sdk=iphonesimulator*]" = YES;
				"INFOPLIST_KEY_UIApplicationSupportsIndirectInputEvents[sdk=iphoneos*]" = YES;
				"INFOPLIST_KEY_UIApplicationSupportsIndirectInputEvents[sdk=iphonesimulator*]" = YES;
				"INFOPLIST_KEY_UILaunchScreen_Generation[sdk=iphoneos*]" = YES;
				"INFOPLIST_KEY_UILaunchScreen_Generation[sdk=iphonesimulator*]" = YES;
				"INFOPLIST_KEY_UIStatusBarStyle[sdk=iphoneos*]" = UIStatusBarStyleDefault;
				"INFOPLIST_KEY_UIStatusBarStyle[sdk=iphonesimulator*]" = UIStatusBarStyleDefault;
				INFOPLIST_KEY_UISupportedInterfaceOrientations_iPad = "UIInterfaceOrientationPortrait UIInterfaceOrientationPortraitUpsideDown UIInterfaceOrientationLandscapeLeft UIInterfaceOrientationLandscapeRight";
				INFOPLIST_KEY_UISupportedInterfaceOrientations_iPhone = "UIInterfaceOrientationPortrait UIInterfaceOrientationLandscapeLeft UIInterfaceOrientationLandscapeRight";
				IPHONEOS_DEPLOYMENT_TARGET = 18.6;
				LD_RUNPATH_SEARCH_PATHS = "@executable_path/Frameworks";
				"LD_RUNPATH_SEARCH_PATHS[sdk=macosx*]" = "@executable_path/../Frameworks";
				MACOSX_DEPLOYMENT_TARGET = 26.2;
				MARKETING_VERSION = 1.0;
				PRODUCT_BUNDLE_IDENTIFIER = bugod.ItemManager;
				PRODUCT_NAME = "$(TARGET_NAME)";
				REGISTER_APP_GROUPS = YES;
				SDKROOT = auto;
				STRING_CATALOG_GENERATE_SYMBOLS = YES;
				SUPPORTED_PLATFORMS = "iphoneos iphonesimulator macosx xros xrsimulator";
				SWIFT_APPROACHABLE_CONCURRENCY = YES;
				SWIFT_DEFAULT_ACTOR_ISOLATION = MainActor;
				SWIFT_EMIT_LOC_STRINGS = YES;
				SWIFT_UPCOMING_FEATURE_MEMBER_IMPORT_VISIBILITY = YES;
				SWIFT_VERSION = 5.0;
				TARGETED_DEVICE_FAMILY = "1,2,7";
				XROS_DEPLOYMENT_TARGET = 26.2;
			};
			name = Release;
		};
		A2AE589A2F19377600B4B6EB /* Debug */ = {
			isa = XCBuildConfiguration;
			buildSettings = {
				ALWAYS_SEARCH_USER_PATHS = NO;
				ASSETCATALOG_COMPILER_GENERATE_SWIFT_ASSET_SYMBOL_EXTENSIONS = YES;
				CLANG_ANALYZER_NONNULL = YES;
				CLANG_ANALYZER_NUMBER_OBJECT_CONVERSION = YES_AGGRESSIVE;
				CLANG_CXX_LANGUAGE_STANDARD = "gnu++20";
				CLANG_ENABLE_MODULES = YES;
				CLANG_ENABLE_OBJC_ARC = YES;
				CLANG_ENABLE_OBJC_WEAK = YES;
				CLANG_WARN_BLOCK_CAPTURE_AUTORELEASING = YES;
				CLANG_WARN_BOOL_CONVERSION = YES;
				CLANG_WARN_COMMA = YES;
				CLANG_WARN_CONSTANT_CONVERSION = YES;
				CLANG_WARN_DEPRECATED_OBJC_IMPLEMENTATIONS = YES;
				CLANG_WARN_DIRECT_OBJC_ISA_USAGE = YES_ERROR;
				CLANG_WARN_DOCUMENTATION_COMMENTS = YES;
				CLANG_WARN_EMPTY_BODY = YES;
				CLANG_WARN_ENUM_CONVERSION = YES;
				CLANG_WARN_INFINITE_RECURSION = YES;
				CLANG_WARN_INT_CONVERSION = YES;
				CLANG_WARN_NON_LITERAL_NULL_CONVERSION = YES;
				CLANG_WARN_OBJC_IMPLICIT_RETAIN_SELF = YES;
				CLANG_WARN_OBJC_LITERAL_CONVERSION = YES;
				CLANG_WARN_OBJC_ROOT_CLASS = YES_ERROR;
				CLANG_WARN_QUOTED_INCLUDE_IN_FRAMEWORK_HEADER = YES;
				CLANG_WARN_RANGE_LOOP_ANALYSIS = YES;
				CLANG_WARN_STRICT_PROTOTYPES = YES;
				CLANG_WARN_SUSPICIOUS_MOVE = YES;
				CLANG_WARN_UNGUARDED_AVAILABILITY = YES_AGGRESSIVE;
				CLANG_WARN_UNREACHABLE_CODE = YES;
				CLANG_WARN__DUPLICATE_METHOD_MATCH = YES;
				COPY_PHASE_STRIP = NO;
				DEBUG_INFORMATION_FORMAT = dwarf;
				DEVELOPMENT_TEAM = 3S264XUD7Z;
				ENABLE_STRICT_OBJC_MSGSEND = YES;
				ENABLE_TESTABILITY = YES;
				ENABLE_USER_SCRIPT_SANDBOXING = YES;
				GCC_C_LANGUAGE_STANDARD = gnu17;
				GCC_DYNAMIC_NO_PIC = NO;
				GCC_NO_COMMON_BLOCKS = YES;
				GCC_OPTIMIZATION_LEVEL = 0;
				GCC_PREPROCESSOR_DEFINITIONS = (
					"DEBUG=1",
					"$(inherited)",
				);
				GCC_WARN_64_TO_32_BIT_CONVERSION = YES;
				GCC_WARN_ABOUT_RETURN_TYPE = YES_ERROR;
				GCC_WARN_UNDECLARED_SELECTOR = YES;
				GCC_WARN_UNINITIALIZED_AUTOS = YES_AGGRESSIVE;
				GCC_WARN_UNUSED_FUNCTION = YES;
				GCC_WARN_UNUSED_VARIABLE = YES;
				LOCALIZATION_PREFERS_STRING_CATALOGS = YES;
				MTL_ENABLE_DEBUG_INFO = INCLUDE_SOURCE;
				MTL_FAST_MATH = YES;
				ONLY_ACTIVE_ARCH = YES;
				SWIFT_ACTIVE_COMPILATION_CONDITIONS = "DEBUG $(inherited)";
				SWIFT_OPTIMIZATION_LEVEL = "-Onone";
			};
			name = Debug;
		};
		A2AE589B2F19377600B4B6EB /* Release */ = {
			isa = XCBuildConfiguration;
			buildSettings = {
				ALWAYS_SEARCH_USER_PATHS = NO;
				ASSETCATALOG_COMPILER_GENERATE_SWIFT_ASSET_SYMBOL_EXTENSIONS = YES;
				CLANG_ANALYZER_NONNULL = YES;
				CLANG_ANALYZER_NUMBER_OBJECT_CONVERSION = YES_AGGRESSIVE;
				CLANG_CXX_LANGUAGE_STANDARD = "gnu++20";
				CLANG_ENABLE_MODULES = YES;
				CLANG_ENABLE_OBJC_ARC = YES;
				CLANG_ENABLE_OBJC_WEAK = YES;
				CLANG_WARN_BLOCK_CAPTURE_AUTORELEASING = YES;
				CLANG_WARN_BOOL_CONVERSION = YES;
				CLANG_WARN_COMMA = YES;
				CLANG_WARN_CONSTANT_CONVERSION = YES;
				CLANG_WARN_DEPRECATED_OBJC_IMPLEMENTATIONS = YES;
				CLANG_WARN_DIRECT_OBJC_ISA_USAGE = YES_ERROR;
				CLANG_WARN_DOCUMENTATION_COMMENTS = YES;
				CLANG_WARN_EMPTY_BODY = YES;
				CLANG_WARN_ENUM_CONVERSION = YES;
				CLANG_WARN_INFINITE_RECURSION = YES;
				CLANG_WARN_INT_CONVERSION = YES;
				CLANG_WARN_NON_LITERAL_NULL_CONVERSION = YES;
				CLANG_WARN_OBJC_IMPLICIT_RETAIN_SELF = YES;
				CLANG_WARN_OBJC_LITERAL_CONVERSION = YES;
				CLANG_WARN_OBJC_ROOT_CLASS = YES_ERROR;
				CLANG_WARN_QUOTED_INCLUDE_IN_FRAMEWORK_HEADER = YES;
				CLANG_WARN_RANGE_LOOP_ANALYSIS = YES;
				CLANG_WARN_STRICT_PROTOTYPES = YES;
				CLANG_WARN_SUSPICIOUS_MOVE = YES;
				CLANG_WARN_UNGUARDED_AVAILABILITY = YES_AGGRESSIVE;
				CLANG_WARN_UNREACHABLE_CODE = YES;
				CLANG_WARN__DUPLICATE_METHOD_MATCH = YES;
				COPY_PHASE_STRIP = NO;
				DEBUG_INFORMATION_FORMAT = "dwarf-with-dsym";
				DEVELOPMENT_TEAM = 3S264XUD7Z;
				ENABLE_NS_ASSERTIONS = NO;
				ENABLE_STRICT_OBJC_MSGSEND = YES;
				ENABLE_USER_SCRIPT_SANDBOXING = YES;
				GCC_C_LANGUAGE_STANDARD = gnu17;
				GCC_NO_COMMON_BLOCKS = YES;
				GCC_WARN_64_TO_32_BIT_CONVERSION = YES;
				GCC_WARN_ABOUT_RETURN_TYPE = YES_ERROR;
				GCC_WARN_UNDECLARED_SELECTOR = YES;
				GCC_WARN_UNINITIALIZED_AUTOS = YES_AGGRESSIVE;
				GCC_WARN_UNUSED_FUNCTION = YES;
				GCC_WARN_UNUSED_VARIABLE = YES;
				LOCALIZATION_PREFERS_STRING_CATALOGS = YES;
				MTL_ENABLE_DEBUG_INFO = NO;
				MTL_FAST_MATH = YES;
				SWIFT_COMPILATION_MODE = wholemodule;
			};
			name = Release;
		};
		A2AE589D2F19377600B4B6EB /* Debug */ = {
			isa = XCBuildConfiguration;
			buildSettings = {
				BUNDLE_LOADER = "$(TEST_HOST)";
				CODE_SIGN_STYLE = Automatic;
				CURRENT_PROJECT_VERSION = 1;
				DEVELOPMENT_TEAM = 3S264XUD7Z;
				GENERATE_INFOPLIST_FILE = YES;
				IPHONEOS_DEPLOYMENT_TARGET = 26.2;
				MACOSX_DEPLOYMENT_TARGET = 26.2;
				MARKETING_VERSION = 1.0;
				PRODUCT_BUNDLE_IDENTIFIER = bugod.ItemManagerTests;
				PRODUCT_NAME = "$(TARGET_NAME)";
				SDKROOT = auto;
				STRING_CATALOG_GENERATE_SYMBOLS = NO;
				SUPPORTED_PLATFORMS = "iphoneos iphonesimulator macosx xros xrsimulator";
				SWIFT_APPROACHABLE_CONCURRENCY = YES;
				SWIFT_EMIT_LOC_STRINGS = NO;
				SWIFT_UPCOMING_FEATURE_MEMBER_IMPORT_VISIBILITY = YES;
				SWIFT_VERSION = 5.0;
				TARGETED_DEVICE_FAMILY = "1,2,7";
				TEST_HOST = "$(BUILT_PRODUCTS_DIR)/ItemManager.app/$(BUNDLE_EXECUTABLE_FOLDER_PATH)/ItemManager";
				XROS_DEPLOYMENT_TARGET = 26.2;
			};
			name = Debug;
		};
		A2AE589E2F19377600B4B6EB /* Release */ = {
			isa = XCBuildConfiguration;
			buildSettings = {
				BUNDLE_LOADER = "$(TEST_HOST)";
				CODE_SIGN_STYLE = Automatic;
				CURRENT_PROJECT_VERSION = 1;
				DEVELOPMENT_TEAM = 3S264XUD7Z;
				GENERATE_INFOPLIST_FILE = YES;
				IPHONEOS_DEPLOYMENT_TARGET = 26.2;
				MACOSX_DEPLOYMENT_TARGET = 26.2;
				MARKETING_VERSION = 1.0;
				PRODUCT_BUNDLE_IDENTIFIER = bugod.ItemManagerTests;
				PRODUCT_NAME = "$(TARGET_NAME)";
				SDKROOT = auto;
				STRING_CATALOG_GENERATE_SYMBOLS = NO;
				SUPPORTED_PLATFORMS = "iphoneos iphonesimulator macosx xros xrsimulator";
				SWIFT_APPROACHABLE_CONCURRENCY = YES;
				SWIFT_EMIT_LOC_STRINGS = NO;
				SWIFT_UPCOMING_FEATURE_MEMBER_IMPORT_VISIBILITY = YES;
				SWIFT_VERSION = 5.0;
				TARGETED_DEVICE_FAMILY = "1,2,7";
				TEST_HOST = "$(BUILT_PRODUCTS_DIR)/ItemManager.app/$(BUNDLE_EXECUTABLE_FOLDER_PATH)/ItemManager";
				XROS_DEPLOYMENT_TARGET = 26.2;
			};
			name = Release;
		};
		A2AE58A02F19377600B4B6EB /* Debug */ = {
			isa = XCBuildConfiguration;
			buildSettings = {
				CODE_SIGN_STYLE = Automatic;
				CURRENT_PROJECT_VERSION = 1;
				DEVELOPMENT_TEAM = 3S264XUD7Z;
				GENERATE_INFOPLIST_FILE = YES;
				IPHONEOS_DEPLOYMENT_TARGET = 26.2;
				MACOSX_DEPLOYMENT_TARGET = 26.2;
				MARKETING_VERSION = 1.0;
				PRODUCT_BUNDLE_IDENTIFIER = bugod.ItemManagerUITests;
				PRODUCT_NAME = "$(TARGET_NAME)";
				SDKROOT = auto;
				STRING_CATALOG_GENERATE_SYMBOLS = NO;
				SUPPORTED_PLATFORMS = "iphoneos iphonesimulator macosx xros xrsimulator";
				SWIFT_APPROACHABLE_CONCURRENCY = YES;
				SWIFT_EMIT_LOC_STRINGS = NO;
				SWIFT_UPCOMING_FEATURE_MEMBER_IMPORT_VISIBILITY = YES;
				SWIFT_VERSION = 5.0;
				TARGETED_DEVICE_FAMILY = "1,2,7";
				TEST_TARGET_NAME = ItemManager;
				XROS_DEPLOYMENT_TARGET = 26.2;
			};
			name = Debug;
		};
		A2AE58A12F19377600B4B6EB /* Release */ = {
			isa = XCBuildConfiguration;
			buildSettings = {
				CODE_SIGN_STYLE = Automatic;
				CURRENT_PROJECT_VERSION = 1;
				DEVELOPMENT_TEAM = 3S264XUD7Z;
				GENERATE_INFOPLIST_FILE = YES;
				IPHONEOS_DEPLOYMENT_TARGET = 26.2;
				MACOSX_DEPLOYMENT_TARGET = 26.2;
				MARKETING_VERSION = 1.0;
				PRODUCT_BUNDLE_IDENTIFIER = bugod.ItemManagerUITests;
				PRODUCT_NAME = "$(TARGET_NAME)";
				SDKROOT = auto;
				STRING_CATALOG_GENERATE_SYMBOLS = NO;
				SUPPORTED_PLATFORMS = "iphoneos iphonesimulator macosx xros xrsimulator";
				SWIFT_APPROACHABLE_CONCURRENCY = YES;
				SWIFT_EMIT_LOC_STRINGS = NO;
				SWIFT_UPCOMING_FEATURE_MEMBER_IMPORT_VISIBILITY = YES;
				SWIFT_VERSION = 5.0;
				TARGETED_DEVICE_FAMILY = "1,2,7";
				TEST_TARGET_NAME = ItemManager;
				XROS_DEPLOYMENT_TARGET = 26.2;
			};
			name = Release;
		};
		A2AE59D82F1EB85400B4B6EB /* Debug */ = {
			isa = XCBuildConfiguration;
			buildSettings = {
				ASSETCATALOG_COMPILER_GLOBAL_ACCENT_COLOR_NAME = AccentColor;
				ASSETCATALOG_COMPILER_WIDGET_BACKGROUND_COLOR_NAME = WidgetBackground;
				CODE_SIGN_STYLE = Automatic;
				CURRENT_PROJECT_VERSION = 1;
				DEVELOPMENT_TEAM = 3S264XUD7Z;
				GENERATE_INFOPLIST_FILE = YES;
				INFOPLIST_FILE = "少女心愿衣橱/Info.plist";
				INFOPLIST_KEY_CFBundleDisplayName = "少女心愿衣橱";
				INFOPLIST_KEY_NSHumanReadableCopyright = "";
				IPHONEOS_DEPLOYMENT_TARGET = 26.2;
				LD_RUNPATH_SEARCH_PATHS = (
					"$(inherited)",
					"@executable_path/Frameworks",
					"@executable_path/../../Frameworks",
				);
				MARKETING_VERSION = 1.0;
				PRODUCT_BUNDLE_IDENTIFIER = "bugod.ItemManager.------";
				PRODUCT_NAME = "$(TARGET_NAME)";
				SDKROOT = iphoneos;
				SKIP_INSTALL = YES;
				STRING_CATALOG_GENERATE_SYMBOLS = YES;
				SWIFT_APPROACHABLE_CONCURRENCY = YES;
				SWIFT_EMIT_LOC_STRINGS = YES;
				SWIFT_UPCOMING_FEATURE_MEMBER_IMPORT_VISIBILITY = YES;
				SWIFT_VERSION = 5.0;
				TARGETED_DEVICE_FAMILY = "1,2";
			};
			name = Debug;
		};
		A2AE59D92F1EB85400B4B6EB /* Release */ = {
			isa = XCBuildConfiguration;
			buildSettings = {
				ASSETCATALOG_COMPILER_GLOBAL_ACCENT_COLOR_NAME = AccentColor;
				ASSETCATALOG_COMPILER_WIDGET_BACKGROUND_COLOR_NAME = WidgetBackground;
				CODE_SIGN_STYLE = Automatic;
				CURRENT_PROJECT_VERSION = 1;
				DEVELOPMENT_TEAM = 3S264XUD7Z;
				GENERATE_INFOPLIST_FILE = YES;
				INFOPLIST_FILE = "少女心愿衣橱/Info.plist";
				INFOPLIST_KEY_CFBundleDisplayName = "少女心愿衣橱";
				INFOPLIST_KEY_NSHumanReadableCopyright = "";
				IPHONEOS_DEPLOYMENT_TARGET = 26.2;
				LD_RUNPATH_SEARCH_PATHS = (
					"$(inherited)",
					"@executable_path/Frameworks",
					"@executable_path/../../Frameworks",
				);
				MARKETING_VERSION = 1.0;
				PRODUCT_BUNDLE_IDENTIFIER = "bugod.ItemManager.------";
				PRODUCT_NAME = "$(TARGET_NAME)";
				SDKROOT = iphoneos;
				SKIP_INSTALL = YES;
				STRING_CATALOG_GENERATE_SYMBOLS = YES;
				SWIFT_APPROACHABLE_CONCURRENCY = YES;
				SWIFT_EMIT_LOC_STRINGS = YES;
				SWIFT_UPCOMING_FEATURE_MEMBER_IMPORT_VISIBILITY = YES;
				SWIFT_VERSION = 5.0;
				TARGETED_DEVICE_FAMILY = "1,2";
				VALIDATE_PRODUCT = YES;
			};
			name = Release;
		};
/* End XCBuildConfiguration section */

/* Begin XCConfigurationList section */
		A2AE586E2F19377500B4B6EB /* Build configuration list for PBXProject "ItemManager" */ = {
			isa = XCConfigurationList;
			buildConfigurations = (
				A2AE589A2F19377600B4B6EB /* Debug */,
				A2AE589B2F19377600B4B6EB /* Release */,
			);
			defaultConfigurationIsVisible = 0;
			defaultConfigurationName = Release;
		};
		A2AE58972F19377600B4B6EB /* Build configuration list for PBXNativeTarget "ItemManager" */ = {
			isa = XCConfigurationList;
			buildConfigurations = (
				A2AE58982F19377600B4B6EB /* Debug */,
				A2AE58992F19377600B4B6EB /* Release */,
			);
			defaultConfigurationIsVisible = 0;
			defaultConfigurationName = Release;
		};
		A2AE589C2F19377600B4B6EB /* Build configuration list for PBXNativeTarget "ItemManagerTests" */ = {
			isa = XCConfigurationList;
			buildConfigurations = (
				A2AE589D2F19377600B4B6EB /* Debug */,
				A2AE589E2F19377600B4B6EB /* Release */,
			);
			defaultConfigurationIsVisible = 0;
			defaultConfigurationName = Release;
		};
		A2AE589F2F19377600B4B6EB /* Build configuration list for PBXNativeTarget "ItemManagerUITests" */ = {
			isa = XCConfigurationList;
			buildConfigurations = (
				A2AE58A02F19377600B4B6EB /* Debug */,
				A2AE58A12F19377600B4B6EB /* Release */,
			);
			defaultConfigurationIsVisible = 0;
			defaultConfigurationName = Release;
		};
		A2AE59D72F1EB85400B4B6EB /* Build configuration list for PBXNativeTarget "少女心愿衣橱Extension" */ = {
			isa = XCConfigurationList;
			buildConfigurations = (
				A2AE59D82F1EB85400B4B6EB /* Debug */,
				A2AE59D92F1EB85400B4B6EB /* Release */,
			);
			defaultConfigurationIsVisible = 0;
			defaultConfigurationName = Release;
		};
/* End XCConfigurationList section */
	};
	rootObject = A2AE586B2F19377500B4B6EB /* Project object */;
}
