{
  "originHash" : "fb9ac36071f364d419c527ac181073d029907ab8c2d0a2cf5e1dbf2b4a353436",
  "pins" : [
    {
      "identity" : "generative-ai-swift",
      "kind" : "remoteSourceControl",
      "location" : "https://github.com/google/generative-ai-swift",
      "state" : {
        "branch" : "main",
        "revision" : "44a40daf54bcb8db2695f4af618107e72c472b36"
      }
    }
  ],
  "version" : 3
}
